
Microsoft Visual Studio Solution File, Format Version 12.00
# Visual Studio Version 17
VisualStudioVersion = 17.11.35327.3
MinimumVisualStudioVersion = 10.0.40219.1
Project("{FAE04EC0-301F-11D3-BF4B-00C04F79EFBC}") = "ApredendoHashSet", "ApredendoHashSet\ApredendoHashSet.csproj", "{B3502DBC-4CB2-4023-BBED-C82B02C18D90}"
EndProject
Global
	GlobalSection(SolutionConfigurationPlatforms) = preSolution
		Debug|Any CPU = Debug|Any CPU
		Release|Any CPU = Release|Any CPU
	EndGlobalSection
	GlobalSection(ProjectConfigurationPlatforms) = postSolution
		{B3502DBC-4CB2-4023-BBED-C82B02C18D90}.Debug|Any CPU.ActiveCfg = Debug|Any CPU
		{B3502DBC-4CB2-4023-BBED-C82B02C18D90}.Debug|Any CPU.Build.0 = Debug|Any CPU
		{B3502DBC-4CB2-4023-BBED-C82B02C18D90}.Release|Any CPU.ActiveCfg = Release|Any CPU
		{B3502DBC-4CB2-4023-BBED-C82B02C18D90}.Release|Any CPU.Build.0 = Release|Any CPU
	EndGlobalSection
	GlobalSection(SolutionProperties) = preSolution
		HideSolutionNode = FALSE
	EndGlobalSection
	GlobalSection(ExtensibilityGlobals) = postSolution
		SolutionGuid = {64EA43DA-DD59-4D1B-A4CD-80ED77A2C351}
	EndGlobalSection
EndGlobal
